
Microsoft Visual Studio Solution File, Format Version 12.00
# Visual Studio Version 17
VisualStudioVersion = 17.6.33717.318
MinimumVisualStudioVersion = 10.0.40219.1
Project("{FAE04EC0-301F-11D3-BF4B-00C04F79EFBC}") = "DMAWS_T2204M_Thuy", "DMAWS_T2204M_Thuy\DMAWS_T2204M_Thuy.csproj", "{904D8A33-A05F-4F03-B51F-8634D42FCCF9}"
EndProject
Global
	GlobalSection(SolutionConfigurationPlatforms) = preSolution
		Debug|Any CPU = Debug|Any CPU
		Release|Any CPU = Release|Any CPU
	EndGlobalSection
	GlobalSection(ProjectConfigurationPlatforms) = postSolution
		{904D8A33-A05F-4F03-B51F-8634D42FCCF9}.Debug|Any CPU.ActiveCfg = Debug|Any CPU
		{904D8A33-A05F-4F03-B51F-8634D42FCCF9}.Debug|Any CPU.Build.0 = Debug|Any CPU
		{904D8A33-A05F-4F03-B51F-8634D42FCCF9}.Release|Any CPU.ActiveCfg = Release|Any CPU
		{904D8A33-A05F-4F03-B51F-8634D42FCCF9}.Release|Any CPU.Build.0 = Release|Any CPU
	EndGlobalSection
	GlobalSection(SolutionProperties) = preSolution
		HideSolutionNode = FALSE
	EndGlobalSection
	GlobalSection(ExtensibilityGlobals) = postSolution
		SolutionGuid = {BA10BE65-3A3C-402E-AEA6-5FCA3D971C3B}
	EndGlobalSection
EndGlobal
